Microsoft Visual Studio Solution File, Format Version 12.00
# Visual Studio Version 17
VisualStudioVersion = 17.5.2.0
MinimumVisualStudioVersion = 10.0.40219.1
Project("{2150E333-8FDC-42A3-9474-1A3956D46DE8}") = "experiment1", "experiment1", "{07A5C736-EA82-D35D-C147-01E3658DE2C6}"
EndProject
Project("{2150E333-8FDC-42A3-9474-1A3956D46DE8}") = "project", "project", "{07EED757-EB96-A72B-0D69-89062A564B1A}"
EndProject
Project("{FAE04EC0-301F-11D3-BF4B-00C04F79EFBC}") = "experiment1", "experiment1\project\experiment1.csproj", "{383A3AE6-2DFF-39A3-EFFB-1C58232F3800}"
EndProject
Global
	GlobalSection(SolutionConfigurationPlatforms) = preSolution
		Debug|Any CPU = Debug|Any CPU
		Release|Any CPU = Release|Any CPU
	EndGlobalSection
	GlobalSection(ProjectConfigurationPlatforms) = postSolution
		{383A3AE6-2DFF-39A3-EFFB-1C58232F3800}.Debug|Any CPU.ActiveCfg = Debug|Any CPU
		{383A3AE6-2DFF-39A3-EFFB-1C58232F3800}.Debug|Any CPU.Build.0 = Debug|Any CPU
		{383A3AE6-2DFF-39A3-EFFB-1C58232F3800}.Release|Any CPU.ActiveCfg = Release|Any CPU
		{383A3AE6-2DFF-39A3-EFFB-1C58232F3800}.Release|Any CPU.Build.0 = Release|Any CPU
	EndGlobalSection
	GlobalSection(SolutionProperties) = preSolution
		HideSolutionNode = FALSE
	EndGlobalSection
	GlobalSection(NestedProjects) = preSolution
		{07EED757-EB96-A72B-0D69-89062A564B1A} = {07A5C736-EA82-D35D-C147-01E3658DE2C6}
		{383A3AE6-2DFF-39A3-EFFB-1C58232F3800} = {07EED757-EB96-A72B-0D69-89062A564B1A}
	EndGlobalSection
	GlobalSection(ExtensibilityGlobals) = postSolution
		SolutionGuid = {EFD0E980-79DA-4F8D-B04D-F0D70056AC73}
	EndGlobalSection
EndGlobal
